
Microsoft Visual Studio Solution File, Format Version 12.00
# Visual Studio 14
VisualStudioVersion = 14.0.23107.0
MinimumVisualStudioVersion = 10.0.40219.1
Project("{FAE04EC0-301F-11D3-BF4B-00C04F79EFBC}") = "MesaRedonda", "MesaRedonda\MesaRedonda.csproj", "{708D4C97-1176-4886-B98B-F91B55C6227F}"
EndProject
Project("{FAE04EC0-301F-11D3-BF4B-00C04F79EFBC}") = "Administrativa", "Administrativa\Administrativa.csproj", "{95A1B721-E333-470F-99E0-52A675E04904}"
EndProject
Project("{FAE04EC0-301F-11D3-BF4B-00C04F79EFBC}") = "DL", "DL\DL.csproj", "{2866F96B-5058-49A9-B933-96FA4E33C0A7}"
EndProject
Project("{FAE04EC0-301F-11D3-BF4B-00C04F79EFBC}") = "DAL", "DAL\DAL.csproj", "{ED9A6D43-7369-49B4-B619-7DA826B3A97B}"
EndProject
Project("{FAE04EC0-301F-11D3-BF4B-00C04F79EFBC}") = "BLL", "BLL\BLL.csproj", "{82B4B97C-7CF3-425E-9769-261F0EBD7CE4}"
EndProject
Global
	GlobalSection(SolutionConfigurationPlatforms) = preSolution
		Debug|Any CPU = Debug|Any CPU
		Release|Any CPU = Release|Any CPU
	EndGlobalSection
	GlobalSection(ProjectConfigurationPlatforms) = postSolution
		{708D4C97-1176-4886-B98B-F91B55C6227F}.Debug|Any CPU.ActiveCfg = Debug|Any CPU
		{708D4C97-1176-4886-B98B-F91B55C6227F}.Debug|Any CPU.Build.0 = Debug|Any CPU
		{708D4C97-1176-4886-B98B-F91B55C6227F}.Release|Any CPU.ActiveCfg = Release|Any CPU
		{708D4C97-1176-4886-B98B-F91B55C6227F}.Release|Any CPU.Build.0 = Release|Any CPU
		{95A1B721-E333-470F-99E0-52A675E04904}.Debug|Any CPU.ActiveCfg = Debug|Any CPU
		{95A1B721-E333-470F-99E0-52A675E04904}.Debug|Any CPU.Build.0 = Debug|Any CPU
		{95A1B721-E333-470F-99E0-52A675E04904}.Release|Any CPU.ActiveCfg = Release|Any CPU
		{95A1B721-E333-470F-99E0-52A675E04904}.Release|Any CPU.Build.0 = Release|Any CPU
		{2866F96B-5058-49A9-B933-96FA4E33C0A7}.Debug|Any CPU.ActiveCfg = Debug|Any CPU
		{2866F96B-5058-49A9-B933-96FA4E33C0A7}.Debug|Any CPU.Build.0 = Debug|Any CPU
		{2866F96B-5058-49A9-B933-96FA4E33C0A7}.Release|Any CPU.ActiveCfg = Release|Any CPU
		{2866F96B-5058-49A9-B933-96FA4E33C0A7}.Release|Any CPU.Build.0 = Release|Any CPU
		{ED9A6D43-7369-49B4-B619-7DA826B3A97B}.Debug|Any CPU.ActiveCfg = Debug|Any CPU
		{ED9A6D43-7369-49B4-B619-7DA826B3A97B}.Debug|Any CPU.Build.0 = Debug|Any CPU
		{ED9A6D43-7369-49B4-B619-7DA826B3A97B}.Release|Any CPU.ActiveCfg = Release|Any CPU
		{ED9A6D43-7369-49B4-B619-7DA826B3A97B}.Release|Any CPU.Build.0 = Release|Any CPU
		{82B4B97C-7CF3-425E-9769-261F0EBD7CE4}.Debug|Any CPU.ActiveCfg = Debug|Any CPU
		{82B4B97C-7CF3-425E-9769-261F0EBD7CE4}.Debug|Any CPU.Build.0 = Debug|Any CPU
		{82B4B97C-7CF3-425E-9769-261F0EBD7CE4}.Release|Any CPU.ActiveCfg = Release|Any CPU
		{82B4B97C-7CF3-425E-9769-261F0EBD7CE4}.Release|Any CPU.Build.0 = Release|Any CPU
	EndGlobalSection
	GlobalSection(SolutionProperties) = preSolution
		HideSolutionNode = FALSE
	EndGlobalSection
EndGlobal
